
Microsoft Visual Studio Solution File, Format Version 12.00
# Visual Studio Version 17
VisualStudioVersion = 17.2.32616.157
MinimumVisualStudioVersion = 10.0.40219.1
Project("{FAE04EC0-301F-11D3-BF4B-00C04F79EFBC}") = "TravelExpertsApp", "TravelExpertsApp\TravelExpertsApp.csproj", "{1DB637FC-5589-493A-B591-FB932357AD1D}"
EndProject
Global
	GlobalSection(SolutionConfigurationPlatforms) = preSolution
		Debug|Any CPU = Debug|Any CPU
		Release|Any CPU = Release|Any CPU
	EndGlobalSection
	GlobalSection(ProjectConfigurationPlatforms) = postSolution
		{1DB637FC-5589-493A-B591-FB932357AD1D}.Debug|Any CPU.ActiveCfg = Debug|Any CPU
		{1DB637FC-5589-493A-B591-FB932357AD1D}.Debug|Any CPU.Build.0 = Debug|Any CPU
		{1DB637FC-5589-493A-B591-FB932357AD1D}.Release|Any CPU.ActiveCfg = Release|Any CPU
		{1DB637FC-5589-493A-B591-FB932357AD1D}.Release|Any CPU.Build.0 = Release|Any CPU
	EndGlobalSection
	GlobalSection(SolutionProperties) = preSolution
		HideSolutionNode = FALSE
	EndGlobalSection
	GlobalSection(ExtensibilityGlobals) = postSolution
		SolutionGuid = {84E83F60-2BCA-4544-8F14-B5C876C76396}
	EndGlobalSection
EndGlobal
